
Microsoft Visual Studio Solution File, Format Version 12.00
# Visual Studio Version 16
VisualStudioVersion = 16.0.31729.503
MinimumVisualStudioVersion = 10.0.40219.1
Project("{FAE04EC0-301F-11D3-BF4B-00C04F79EFBC}") = "FFmpegPlayRtspDemo", "FFmpegPlayRtspDemo\FFmpegPlayRtspDemo.csproj", "{1BCF30A5-3F60-4FDF-9D64-578F0C2AFF28}"
EndProject
Global
	GlobalSection(SolutionConfigurationPlatforms) = preSolution
		Debug|Any CPU = Debug|Any CPU
		Release|Any CPU = Release|Any CPU
	EndGlobalSection
	GlobalSection(ProjectConfigurationPlatforms) = postSolution
		{1BCF30A5-3F60-4FDF-9D64-578F0C2AFF28}.Debug|Any CPU.ActiveCfg = Debug|Any CPU
		{1BCF30A5-3F60-4FDF-9D64-578F0C2AFF28}.Debug|Any CPU.Build.0 = Debug|Any CPU
		{1BCF30A5-3F60-4FDF-9D64-578F0C2AFF28}.Release|Any CPU.ActiveCfg = Release|Any CPU
		{1BCF30A5-3F60-4FDF-9D64-578F0C2AFF28}.Release|Any CPU.Build.0 = Release|Any CPU
	EndGlobalSection
	GlobalSection(SolutionProperties) = preSolution
		HideSolutionNode = FALSE
	EndGlobalSection
	GlobalSection(ExtensibilityGlobals) = postSolution
		SolutionGuid = {1FBD845E-3C3D-460B-8952-F55C2D21C106}
	EndGlobalSection
EndGlobal
